{
    "_meta": {
        "hash": {
            "sha256": "b150acd6df879847355acdcbd1f110a06c4c7fd9c5a2c7f570ed233ef2ce5893"
        },
        "pipfile-spec": 6,
        "requires": {
            "python_version": "3.11"
        },
        "sources": [
            {
                "name": "pypi",
                "url": "https://pypi.org/simple",
                "verify_ssl": true
            }
        ]
    },
    "default": {
        "flask-talisman": {
            "hashes": [
                "sha256:3c42b610ebe49b0e35ca150e179bf51aa1da01e4635b49a674868ea681046208",
                "sha256:c5f486f5f54420729f84b3c3850cd63f96e8b033a9629bee66c524ea363797ff"
            ],
            "index": "pypi",
            "version": "==1.1.0"
        }
    },
    "develop": {}
}
